// !$*UTF8*$!
{
	archiveVersion = 1;
	classes = {
	};
	objectVersion = 50;
	objects = {

/* Begin PBXBuildFile section */
		E3499A7625B899F80048F4DA /* AVulkanAPI.cpp in Sources */ = {isa = PBXBuildFile; fileRef = E3499A7525B899F80048F4DA /* AVulkanAPI.cpp */; };
		E377DB3F25B88FFF003958A2 /* AppDelegate.m in Sources */ = {isa = PBXBuildFile; fileRef = E377DB3E25B88FFF003958A2 /* AppDelegate.m */; };
		E377DB4525B88FFF003958A2 /* AGameVC.mm in Sources */ = {isa = PBXBuildFile; fileRef = E377DB4425B88FFF003958A2 /* AGameVC.mm */; };
		E377DB4A25B89000003958A2 /* Assets.xcassets in Resources */ = {isa = PBXBuildFile; fileRef = E377DB4925B89000003958A2 /* Assets.xcassets */; };
		E377DB5025B89000003958A2 /* main.m in Sources */ = {isa = PBXBuildFile; fileRef = E377DB4F25B89000003958A2 /* main.m */; };
		E38E5F8025C18E3B00A115C0 /* libMoltenVK.dylib in Frameworks */ = {isa = PBXBuildFile; fileRef = E38E5F7D25C18E3B00A115C0 /* libMoltenVK.dylib */; };
		E38E5F8125C18E3B00A115C0 /* libMoltenVK.dylib in Embed Libraries */ = {isa = PBXBuildFile; fileRef = E38E5F7D25C18E3B00A115C0 /* libMoltenVK.dylib */; settings = {ATTRIBUTES = (CodeSignOnCopy, ); }; };
		E38E5F8225C18E3B00A115C0 /* libvulkan.1.dylib in Frameworks */ = {isa = PBXBuildFile; fileRef = E38E5F7E25C18E3B00A115C0 /* libvulkan.1.dylib */; };
		E38E5F8325C18E3B00A115C0 /* libvulkan.1.dylib in Embed Libraries */ = {isa = PBXBuildFile; fileRef = E38E5F7E25C18E3B00A115C0 /* libvulkan.1.dylib */; settings = {ATTRIBUTES = (CodeSignOnCopy, ); }; };
		E38E5F8425C18E3B00A115C0 /* libvulkan.1.2.162.dylib in Frameworks */ = {isa = PBXBuildFile; fileRef = E38E5F7F25C18E3B00A115C0 /* libvulkan.1.2.162.dylib */; };
		E38E5F8525C18E3B00A115C0 /* libvulkan.1.2.162.dylib in Embed Libraries */ = {isa = PBXBuildFile; fileRef = E38E5F7F25C18E3B00A115C0 /* libvulkan.1.2.162.dylib */; settings = {ATTRIBUTES = (CodeSignOnCopy, ); }; };
		E3EC319B25C18F020082A9E7 /* vulkan in Resources */ = {isa = PBXBuildFile; fileRef = E3EC319A25C18F020082A9E7 /* vulkan */; };
		E3EDD6E925B96CDA00925E77 /* AInstance.cpp in Sources */ = {isa = PBXBuildFile; fileRef = E3EDD6E725B96CDA00925E77 /* AInstance.cpp */; };
		E3FA289525D687F30079F72A /* shader.vert in Resources */ = {isa = PBXBuildFile; fileRef = E3FA289425D687F30079F72A /* shader.vert */; };
		E3FA289725D688060079F72A /* shader.frag in Resources */ = {isa = PBXBuildFile; fileRef = E3FA289625D688060079F72A /* shader.frag */; };
		E3FA289A25D691DB0079F72A /* vert.spv in Resources */ = {isa = PBXBuildFile; fileRef = E3FA289825D691DB0079F72A /* vert.spv */; };
		E3FA289B25D691DB0079F72A /* frag.spv in Resources */ = {isa = PBXBuildFile; fileRef = E3FA289925D691DB0079F72A /* frag.spv */; };
		E3FA289E25D6920B0079F72A /* ABundle.mm in Sources */ = {isa = PBXBuildFile; fileRef = E3FA289D25D6920B0079F72A /* ABundle.mm */; };
/* End PBXBuildFile section */

/* Begin PBXCopyFilesBuildPhase section */
		E3257C6825C17DE5007F6E4A /* Embed Libraries */ = {
			isa = PBXCopyFilesBuildPhase;
			buildActionMask = 2147483647;
			dstPath = "";
			dstSubfolderSpec = 10;
			files = (
				E38E5F8325C18E3B00A115C0 /* libvulkan.1.dylib in Embed Libraries */,
				E38E5F8125C18E3B00A115C0 /* libMoltenVK.dylib in Embed Libraries */,
				E38E5F8525C18E3B00A115C0 /* libvulkan.1.2.162.dylib in Embed Libraries */,
			);
			name = "Embed Libraries";
			runOnlyForDeploymentPostprocessing = 0;
		};
/* End PBXCopyFilesBuildPhase section */

/* Begin PBXFileReference section */
		E3499A7425B899F80048F4DA /* AVulkanAPI.h */ = {isa = PBXFileReference; fileEncoding = 4; lastKnownFileType = sourcecode.c.h; path = AVulkanAPI.h; sourceTree = "<group>"; };
		E3499A7525B899F80048F4DA /* AVulkanAPI.cpp */ = {isa = PBXFileReference; fileEncoding = 4; lastKnownFileType = sourcecode.cpp.cpp; path = AVulkanAPI.cpp; sourceTree = "<group>"; };
		E377DB3A25B88FFF003958A2 /* doom.app */ = {isa = PBXFileReference; explicitFileType = wrapper.application; includeInIndex = 0; path = doom.app; sourceTree = BUILT_PRODUCTS_DIR; };
		E377DB3D25B88FFF003958A2 /* AppDelegate.h */ = {isa = PBXFileReference; lastKnownFileType = sourcecode.c.h; path = AppDelegate.h; sourceTree = "<group>"; };
		E377DB3E25B88FFF003958A2 /* AppDelegate.m */ = {isa = PBXFileReference; lastKnownFileType = sourcecode.c.objc; path = AppDelegate.m; sourceTree = "<group>"; };
		E377DB4325B88FFF003958A2 /* AGameVC.h */ = {isa = PBXFileReference; lastKnownFileType = sourcecode.c.h; path = AGameVC.h; sourceTree = "<group>"; };
		E377DB4425B88FFF003958A2 /* AGameVC.mm */ = {isa = PBXFileReference; lastKnownFileType = sourcecode.cpp.objcpp; path = AGameVC.mm; sourceTree = "<group>"; };
		E377DB4925B89000003958A2 /* Assets.xcassets */ = {isa = PBXFileReference; lastKnownFileType = folder.assetcatalog; path = Assets.xcassets; sourceTree = "<group>"; };
		E377DB4E25B89000003958A2 /* Info.plist */ = {isa = PBXFileReference; lastKnownFileType = text.plist.xml; path = Info.plist; sourceTree = "<group>"; };
		E377DB4F25B89000003958A2 /* main.m */ = {isa = PBXFileReference; lastKnownFileType = sourcecode.c.objc; path = main.m; sourceTree = "<group>"; };
		E377DB5125B89000003958A2 /* doom.entitlements */ = {isa = PBXFileReference; lastKnownFileType = text.plist.entitlements; path = doom.entitlements; sourceTree = "<group>"; };
		E38E5F7D25C18E3B00A115C0 /* libMoltenVK.dylib */ = {isa = PBXFileReference; lastKnownFileType = "compiled.mach-o.dylib"; name = libMoltenVK.dylib; path = "vulkansdk-macos-1.2.162.0/macOS/lib/libMoltenVK.dylib"; sourceTree = "<group>"; };
		E38E5F7E25C18E3B00A115C0 /* libvulkan.1.dylib */ = {isa = PBXFileReference; lastKnownFileType = "compiled.mach-o.dylib"; name = libvulkan.1.dylib; path = "vulkansdk-macos-1.2.162.0/macOS/lib/libvulkan.1.dylib"; sourceTree = "<group>"; };
		E38E5F7F25C18E3B00A115C0 /* libvulkan.1.2.162.dylib */ = {isa = PBXFileReference; lastKnownFileType = "compiled.mach-o.dylib"; name = libvulkan.1.2.162.dylib; path = "vulkansdk-macos-1.2.162.0/macOS/lib/libvulkan.1.2.162.dylib"; sourceTree = "<group>"; };
		E3EC319A25C18F020082A9E7 /* vulkan */ = {isa = PBXFileReference; lastKnownFileType = folder; path = vulkan; sourceTree = "<group>"; };
		E3EDD6E725B96CDA00925E77 /* AInstance.cpp */ = {isa = PBXFileReference; lastKnownFileType = sourcecode.cpp.cpp; path = AInstance.cpp; sourceTree = "<group>"; };
		E3EDD6E825B96CDA00925E77 /* AInstance.h */ = {isa = PBXFileReference; lastKnownFileType = sourcecode.c.h; path = AInstance.h; sourceTree = "<group>"; };
		E3FA289425D687F30079F72A /* shader.vert */ = {isa = PBXFileReference; lastKnownFileType = sourcecode.glsl; name = shader.vert; path = shaders/shader.vert; sourceTree = "<group>"; };
		E3FA289625D688060079F72A /* shader.frag */ = {isa = PBXFileReference; lastKnownFileType = sourcecode.glsl; name = shader.frag; path = shaders/shader.frag; sourceTree = "<group>"; };
		E3FA289825D691DB0079F72A /* vert.spv */ = {isa = PBXFileReference; lastKnownFileType = file; name = vert.spv; path = shaders/vert.spv; sourceTree = "<group>"; };
		E3FA289925D691DB0079F72A /* frag.spv */ = {isa = PBXFileReference; lastKnownFileType = file; name = frag.spv; path = shaders/frag.spv; sourceTree = "<group>"; };
		E3FA289C25D6920B0079F72A /* ABundle.h */ = {isa = PBXFileReference; lastKnownFileType = sourcecode.c.h; path = ABundle.h; sourceTree = "<group>"; };
		E3FA289D25D6920B0079F72A /* ABundle.mm */ = {isa = PBXFileReference; lastKnownFileType = sourcecode.cpp.objcpp; path = ABundle.mm; sourceTree = "<group>"; };
/* End PBXFileReference section */

/* Begin PBXFrameworksBuildPhase section */
		E377DB3725B88FFF003958A2 /* Frameworks */ = {
			isa = PBXFrameworksBuildPhase;
			buildActionMask = 2147483647;
			files = (
				E38E5F8225C18E3B00A115C0 /* libvulkan.1.dylib in Frameworks */,
				E38E5F8025C18E3B00A115C0 /* libMoltenVK.dylib in Frameworks */,
				E38E5F8425C18E3B00A115C0 /* libvulkan.1.2.162.dylib in Frameworks */,
			);
			runOnlyForDeploymentPostprocessing = 0;
		};
/* End PBXFrameworksBuildPhase section */

/* Begin PBXGroup section */
		E3499A6A25B899A60048F4DA /* Frameworks */ = {
			isa = PBXGroup;
			children = (
				E38E5F7D25C18E3B00A115C0 /* libMoltenVK.dylib */,
				E38E5F7F25C18E3B00A115C0 /* libvulkan.1.2.162.dylib */,
				E38E5F7E25C18E3B00A115C0 /* libvulkan.1.dylib */,
			);
			name = Frameworks;
			sourceTree = "<group>";
		};
		E377DB3125B88FFF003958A2 = {
			isa = PBXGroup;
			children = (
				E377DB3C25B88FFF003958A2 /* doom */,
				E377DB3B25B88FFF003958A2 /* Products */,
				E3499A6A25B899A60048F4DA /* Frameworks */,
			);
			sourceTree = "<group>";
		};
		E377DB3B25B88FFF003958A2 /* Products */ = {
			isa = PBXGroup;
			children = (
				E377DB3A25B88FFF003958A2 /* doom.app */,
			);
			name = Products;
			sourceTree = "<group>";
		};
		E377DB3C25B88FFF003958A2 /* doom */ = {
			isa = PBXGroup;
			children = (
				E3FA289325D687D00079F72A /* shaders */,
				E3EC319A25C18F020082A9E7 /* vulkan */,
				E3EDD6EA25B96CE300925E77 /* engine */,
				E377DB4325B88FFF003958A2 /* AGameVC.h */,
				E377DB4425B88FFF003958A2 /* AGameVC.mm */,
				E377DB3D25B88FFF003958A2 /* AppDelegate.h */,
				E377DB3E25B88FFF003958A2 /* AppDelegate.m */,
				E377DB4F25B89000003958A2 /* main.m */,
				E377DB4925B89000003958A2 /* Assets.xcassets */,
				E377DB4E25B89000003958A2 /* Info.plist */,
				E377DB5125B89000003958A2 /* doom.entitlements */,
			);
			path = doom;
			sourceTree = "<group>";
		};
		E3EDD6EA25B96CE300925E77 /* engine */ = {
			isa = PBXGroup;
			children = (
				E3FA289C25D6920B0079F72A /* ABundle.h */,
				E3FA289D25D6920B0079F72A /* ABundle.mm */,
				E3499A7425B899F80048F4DA /* AVulkanAPI.h */,
				E3499A7525B899F80048F4DA /* AVulkanAPI.cpp */,
				E3EDD6E825B96CDA00925E77 /* AInstance.h */,
				E3EDD6E725B96CDA00925E77 /* AInstance.cpp */,
			);
			name = engine;
			sourceTree = "<group>";
		};
		E3FA289325D687D00079F72A /* shaders */ = {
			isa = PBXGroup;
			children = (
				E3FA289925D691DB0079F72A /* frag.spv */,
				E3FA289825D691DB0079F72A /* vert.spv */,
				E3FA289425D687F30079F72A /* shader.vert */,
				E3FA289625D688060079F72A /* shader.frag */,
			);
			name = shaders;
			sourceTree = "<group>";
		};
/* End PBXGroup section */

/* Begin PBXNativeTarget section */
		E377DB3925B88FFF003958A2 /* doom */ = {
			isa = PBXNativeTarget;
			buildConfigurationList = E377DB5425B89000003958A2 /* Build configuration list for PBXNativeTarget "doom" */;
			buildPhases = (
				E3FA289F25D69D960079F72A /* ShellScript */,
				E377DB3625B88FFF003958A2 /* Sources */,
				E377DB3725B88FFF003958A2 /* Frameworks */,
				E377DB3825B88FFF003958A2 /* Resources */,
				E3257C6825C17DE5007F6E4A /* Embed Libraries */,
			);
			buildRules = (
			);
			dependencies = (
			);
			name = doom;
			productName = doom;
			productReference = E377DB3A25B88FFF003958A2 /* doom.app */;
			productType = "com.apple.product-type.application";
		};
/* End PBXNativeTarget section */

/* Begin PBXProject section */
		E377DB3225B88FFF003958A2 /* Project object */ = {
			isa = PBXProject;
			attributes = {
				LastUpgradeCheck = 1220;
				TargetAttributes = {
					E377DB3925B88FFF003958A2 = {
						CreatedOnToolsVersion = 12.2;
					};
				};
			};
			buildConfigurationList = E377DB3525B88FFF003958A2 /* Build configuration list for PBXProject "doom" */;
			compatibilityVersion = "Xcode 9.3";
			developmentRegion = en;
			hasScannedForEncodings = 0;
			knownRegions = (
				en,
				Base,
			);
			mainGroup = E377DB3125B88FFF003958A2;
			productRefGroup = E377DB3B25B88FFF003958A2 /* Products */;
			projectDirPath = "";
			projectRoot = "";
			targets = (
				E377DB3925B88FFF003958A2 /* doom */,
			);
		};
/* End PBXProject section */

/* Begin PBXResourcesBuildPhase section */
		E377DB3825B88FFF003958A2 /* Resources */ = {
			isa = PBXResourcesBuildPhase;
			buildActionMask = 2147483647;
			files = (
				E3FA289725D688060079F72A /* shader.frag in Resources */,
				E3FA289B25D691DB0079F72A /* frag.spv in Resources */,
				E3FA289525D687F30079F72A /* shader.vert in Resources */,
				E377DB4A25B89000003958A2 /* Assets.xcassets in Resources */,
				E3FA289A25D691DB0079F72A /* vert.spv in Resources */,
				E3EC319B25C18F020082A9E7 /* vulkan in Resources */,
			);
			runOnlyForDeploymentPostprocessing = 0;
		};
/* End PBXResourcesBuildPhase section */

/* Begin PBXShellScriptBuildPhase section */
		E3FA289F25D69D960079F72A /* ShellScript */ = {
			isa = PBXShellScriptBuildPhase;
			buildActionMask = 2147483647;
			files = (
			);
			inputFileListPaths = (
			);
			inputPaths = (
			);
			outputFileListPaths = (
			);
			outputPaths = (
			);
			runOnlyForDeploymentPostprocessing = 0;
			shellPath = /bin/zsh;
			shellScript = "vulkansdk-macos-1.2.162.0/macOS/bin/glslc doom/shaders/shader.vert -o doom/shaders/vert.spv\nvulkansdk-macos-1.2.162.0/macOS/bin/glslc doom/shaders/shader.frag -o doom/shaders/frag.spv\n";
		};
/* End PBXShellScriptBuildPhase section */

/* Begin PBXSourcesBuildPhase section */
		E377DB3625B88FFF003958A2 /* Sources */ = {
			isa = PBXSourcesBuildPhase;
			buildActionMask = 2147483647;
			files = (
				E377DB5025B89000003958A2 /* main.m in Sources */,
				E3FA289E25D6920B0079F72A /* ABundle.mm in Sources */,
				E377DB4525B88FFF003958A2 /* AGameVC.mm in Sources */,
				E3EDD6E925B96CDA00925E77 /* AInstance.cpp in Sources */,
				E3499A7625B899F80048F4DA /* AVulkanAPI.cpp in Sources */,
				E377DB3F25B88FFF003958A2 /* AppDelegate.m in Sources */,
			);
			runOnlyForDeploymentPostprocessing = 0;
		};
/* End PBXSourcesBuildPhase section */

/* Begin XCBuildConfiguration section */
		E377DB5225B89000003958A2 /* Debug */ = {
			isa = XCBuildConfiguration;
			buildSettings = {
				ALWAYS_SEARCH_USER_PATHS = NO;
				CLANG_ANALYZER_NONNULL = YES;
				CLANG_ANALYZER_NUMBER_OBJECT_CONVERSION = YES_AGGRESSIVE;
				CLANG_CXX_LANGUAGE_STANDARD = "gnu++14";
				CLANG_CXX_LIBRARY = "libc++";
				CLANG_ENABLE_MODULES = YES;
				CLANG_ENABLE_OBJC_ARC = YES;
				CLANG_ENABLE_OBJC_WEAK = YES;
				CLANG_WARN_BLOCK_CAPTURE_AUTORELEASING = YES;
				CLANG_WARN_BOOL_CONVERSION = YES;
				CLANG_WARN_COMMA = YES;
				CLANG_WARN_CONSTANT_CONVERSION = YES;
				CLANG_WARN_DEPRECATED_OBJC_IMPLEMENTATIONS = YES;
				CLANG_WARN_DIRECT_OBJC_ISA_USAGE = YES_ERROR;
				CLANG_WARN_DOCUMENTATION_COMMENTS = YES;
				CLANG_WARN_EMPTY_BODY = YES;
				CLANG_WARN_ENUM_CONVERSION = YES;
				CLANG_WARN_INFINITE_RECURSION = YES;
				CLANG_WARN_INT_CONVERSION = YES;
				CLANG_WARN_NON_LITERAL_NULL_CONVERSION = YES;
				CLANG_WARN_OBJC_IMPLICIT_RETAIN_SELF = YES;
				CLANG_WARN_OBJC_LITERAL_CONVERSION = YES;
				CLANG_WARN_OBJC_ROOT_CLASS = YES_ERROR;
				CLANG_WARN_QUOTED_INCLUDE_IN_FRAMEWORK_HEADER = YES;
				CLANG_WARN_RANGE_LOOP_ANALYSIS = YES;
				CLANG_WARN_STRICT_PROTOTYPES = YES;
				CLANG_WARN_SUSPICIOUS_MOVE = YES;
				CLANG_WARN_UNGUARDED_AVAILABILITY = YES_AGGRESSIVE;
				CLANG_WARN_UNREACHABLE_CODE = YES;
				CLANG_WARN__DUPLICATE_METHOD_MATCH = YES;
				COPY_PHASE_STRIP = NO;
				DEBUG_INFORMATION_FORMAT = dwarf;
				ENABLE_STRICT_OBJC_MSGSEND = YES;
				ENABLE_TESTABILITY = YES;
				GCC_C_LANGUAGE_STANDARD = gnu11;
				GCC_DYNAMIC_NO_PIC = NO;
				GCC_NO_COMMON_BLOCKS = YES;
				GCC_OPTIMIZATION_LEVEL = 0;
				GCC_PREPROCESSOR_DEFINITIONS = (
					"DEBUG=1",
					"$(inherited)",
				);
				GCC_WARN_64_TO_32_BIT_CONVERSION = YES;
				GCC_WARN_ABOUT_RETURN_TYPE = YES_ERROR;
				GCC_WARN_UNDECLARED_SELECTOR = YES;
				GCC_WARN_UNINITIALIZED_AUTOS = YES_AGGRESSIVE;
				GCC_WARN_UNUSED_FUNCTION = YES;
				GCC_WARN_UNUSED_VARIABLE = YES;
				MACOSX_DEPLOYMENT_TARGET = 10.15;
				MTL_ENABLE_DEBUG_INFO = INCLUDE_SOURCE;
				MTL_FAST_MATH = YES;
				ONLY_ACTIVE_ARCH = YES;
				SDKROOT = macosx;
			};
			name = Debug;
		};
		E377DB5325B89000003958A2 /* Release */ = {
			isa = XCBuildConfiguration;
			buildSettings = {
				ALWAYS_SEARCH_USER_PATHS = NO;
				CLANG_ANALYZER_NONNULL = YES;
				CLANG_ANALYZER_NUMBER_OBJECT_CONVERSION = YES_AGGRESSIVE;
				CLANG_CXX_LANGUAGE_STANDARD = "gnu++14";
				CLANG_CXX_LIBRARY = "libc++";
				CLANG_ENABLE_MODULES = YES;
				CLANG_ENABLE_OBJC_ARC = YES;
				CLANG_ENABLE_OBJC_WEAK = YES;
				CLANG_WARN_BLOCK_CAPTURE_AUTORELEASING = YES;
				CLANG_WARN_BOOL_CONVERSION = YES;
				CLANG_WARN_COMMA = YES;
				CLANG_WARN_CONSTANT_CONVERSION = YES;
				CLANG_WARN_DEPRECATED_OBJC_IMPLEMENTATIONS = YES;
				CLANG_WARN_DIRECT_OBJC_ISA_USAGE = YES_ERROR;
				CLANG_WARN_DOCUMENTATION_COMMENTS = YES;
				CLANG_WARN_EMPTY_BODY = YES;
				CLANG_WARN_ENUM_CONVERSION = YES;
				CLANG_WARN_INFINITE_RECURSION = YES;
				CLANG_WARN_INT_CONVERSION = YES;
				CLANG_WARN_NON_LITERAL_NULL_CONVERSION = YES;
				CLANG_WARN_OBJC_IMPLICIT_RETAIN_SELF = YES;
				CLANG_WARN_OBJC_LITERAL_CONVERSION = YES;
				CLANG_WARN_OBJC_ROOT_CLASS = YES_ERROR;
				CLANG_WARN_QUOTED_INCLUDE_IN_FRAMEWORK_HEADER = YES;
				CLANG_WARN_RANGE_LOOP_ANALYSIS = YES;
				CLANG_WARN_STRICT_PROTOTYPES = YES;
				CLANG_WARN_SUSPICIOUS_MOVE = YES;
				CLANG_WARN_UNGUARDED_AVAILABILITY = YES_AGGRESSIVE;
				CLANG_WARN_UNREACHABLE_CODE = YES;
				CLANG_WARN__DUPLICATE_METHOD_MATCH = YES;
				COPY_PHASE_STRIP = NO;
				DEBUG_INFORMATION_FORMAT = "dwarf-with-dsym";
				ENABLE_NS_ASSERTIONS = NO;
				ENABLE_STRICT_OBJC_MSGSEND = YES;
				GCC_C_LANGUAGE_STANDARD = gnu11;
				GCC_NO_COMMON_BLOCKS = YES;
				GCC_WARN_64_TO_32_BIT_CONVERSION = YES;
				GCC_WARN_ABOUT_RETURN_TYPE = YES_ERROR;
				GCC_WARN_UNDECLARED_SELECTOR = YES;
				GCC_WARN_UNINITIALIZED_AUTOS = YES_AGGRESSIVE;
				GCC_WARN_UNUSED_FUNCTION = YES;
				GCC_WARN_UNUSED_VARIABLE = YES;
				MACOSX_DEPLOYMENT_TARGET = 10.15;
				MTL_ENABLE_DEBUG_INFO = NO;
				MTL_FAST_MATH = YES;
				SDKROOT = macosx;
			};
			name = Release;
		};
		E377DB5525B89000003958A2 /* Debug */ = {
			isa = XCBuildConfiguration;
			buildSettings = {
				ASSETCATALOG_COMPILER_APPICON_NAME = AppIcon;
				ASSETCATALOG_COMPILER_GLOBAL_ACCENT_COLOR_NAME = AccentColor;
				CODE_SIGN_ENTITLEMENTS = doom/doom.entitlements;
				CODE_SIGN_STYLE = Automatic;
				COMBINE_HIDPI_IMAGES = YES;
				DEVELOPMENT_TEAM = UAVM255T7W;
				ENABLE_HARDENED_RUNTIME = YES;
				FRAMEWORK_SEARCH_PATHS = (
					"$(inherited)",
					"$(PROJECT_DIR)/vulkansdk-macos-1.2.162.0/macOS/Frameworks",
				);
				GCC_PREPROCESSOR_DEFINITIONS = (
					"DEBUG=1",
					"$(inherited)",
					VK_USE_PLATFORM_METAL_EXT,
				);
				HEADER_SEARCH_PATHS = "$(PROJECT_DIR)/vulkansdk-macos-1.2.162.0/**";
				INFOPLIST_FILE = doom/Info.plist;
				LD_RUNPATH_SEARCH_PATHS = (
					"$(inherited)",
					"@executable_path/../Frameworks",
				);
				LIBRARY_SEARCH_PATHS = (
					"$(inherited)",
					"$(PROJECT_DIR)/vulkansdk-macos-1.2.162.0/macOS/lib",
				);
				PRODUCT_BUNDLE_IDENTIFIER = com.icgsmartcosmetics.doom;
				PRODUCT_NAME = "$(TARGET_NAME)";
				SYSTEM_HEADER_SEARCH_PATHS = "$(PROJECT_DIR)/vulkansdk-macos-1.2.162.0/**";
			};
			name = Debug;
		};
		E377DB5625B89000003958A2 /* Release */ = {
			isa = XCBuildConfiguration;
			buildSettings = {
				ASSETCATALOG_COMPILER_APPICON_NAME = AppIcon;
				ASSETCATALOG_COMPILER_GLOBAL_ACCENT_COLOR_NAME = AccentColor;
				CODE_SIGN_ENTITLEMENTS = doom/doom.entitlements;
				CODE_SIGN_STYLE = Automatic;
				COMBINE_HIDPI_IMAGES = YES;
				DEVELOPMENT_TEAM = UAVM255T7W;
				ENABLE_HARDENED_RUNTIME = YES;
				FRAMEWORK_SEARCH_PATHS = (
					"$(inherited)",
					"$(PROJECT_DIR)/vulkansdk-macos-1.2.162.0/macOS/Frameworks",
				);
				HEADER_SEARCH_PATHS = "$(PROJECT_DIR)/vulkansdk-macos-1.2.162.0/**";
				INFOPLIST_FILE = doom/Info.plist;
				LD_RUNPATH_SEARCH_PATHS = (
					"$(inherited)",
					"@executable_path/../Frameworks",
				);
				LIBRARY_SEARCH_PATHS = (
					"$(inherited)",
					"$(PROJECT_DIR)/vulkansdk-macos-1.2.162.0/macOS/lib",
				);
				PRODUCT_BUNDLE_IDENTIFIER = com.icgsmartcosmetics.doom;
				PRODUCT_NAME = "$(TARGET_NAME)";
				SYSTEM_HEADER_SEARCH_PATHS = "$(PROJECT_DIR)/vulkansdk-macos-1.2.162.0/**";
			};
			name = Release;
		};
/* End XCBuildConfiguration section */

/* Begin XCConfigurationList section */
		E377DB3525B88FFF003958A2 /* Build configuration list for PBXProject "doom" */ = {
			isa = XCConfigurationList;
			buildConfigurations = (
				E377DB5225B89000003958A2 /* Debug */,
				E377DB5325B89000003958A2 /* Release */,
			);
			defaultConfigurationIsVisible = 0;
			defaultConfigurationName = Release;
		};
		E377DB5425B89000003958A2 /* Build configuration list for PBXNativeTarget "doom" */ = {
			isa = XCConfigurationList;
			buildConfigurations = (
				E377DB5525B89000003958A2 /* Debug */,
				E377DB5625B89000003958A2 /* Release */,
			);
			defaultConfigurationIsVisible = 0;
			defaultConfigurationName = Release;
		};
/* End XCConfigurationList section */
	};
	rootObject = E377DB3225B88FFF003958A2 /* Project object */;
}
